// !$*UTF8*$!
{
	archiveVersion = 1;
	classes = {
	};
	objectVersion = 55;
	objects = {

/* Begin PBXBuildFile section */
		35FD7C205983E091AC967206 /* Pods_NABWeather_NABWeatherUITests.framework in Frameworks */ = {isa = PBXBuildFile; fileRef = B1E51C9BAC7F56C4F41828C4 /* Pods_NABWeather_NABWeatherUITests.framework */; };
		9C5DF8E934FE7C3EA1A428B9 /* Pods_NABWeather.framework in Frameworks */ = {isa = PBXBuildFile; fileRef = 27FBAEBB9BF38266A48F807C /* Pods_NABWeather.framework */; };
		AB3E04B827F8298A00165938 /* AppDelegate.swift in Sources */ = {isa = PBXBuildFile; fileRef = AB3E04B727F8298A00165938 /* AppDelegate.swift */; };
		AB3E04BA27F8298A00165938 /* SceneDelegate.swift in Sources */ = {isa = PBXBuildFile; fileRef = AB3E04B927F8298A00165938 /* SceneDelegate.swift */; };
		AB3E04BC27F8298A00165938 /* EntryViewController.swift in Sources */ = {isa = PBXBuildFile; fileRef = AB3E04BB27F8298A00165938 /* EntryViewController.swift */; };
		AB3E04BF27F8298A00165938 /* Main.storyboard in Resources */ = {isa = PBXBuildFile; fileRef = AB3E04BD27F8298A00165938 /* Main.storyboard */; };
		AB3E04C227F8298A00165938 /* NABWeather.xcdatamodeld in Sources */ = {isa = PBXBuildFile; fileRef = AB3E04C027F8298A00165938 /* NABWeather.xcdatamodeld */; };
		AB3E04C427F8298B00165938 /* Assets.xcassets in Resources */ = {isa = PBXBuildFile; fileRef = AB3E04C327F8298B00165938 /* Assets.xcassets */; };
		AB3E04C727F8298B00165938 /* LaunchScreen.storyboard in Resources */ = {isa = PBXBuildFile; fileRef = AB3E04C527F8298B00165938 /* LaunchScreen.storyboard */; };
		AB3E04D227F8298B00165938 /* NABWeatherTests.swift in Sources */ = {isa = PBXBuildFile; fileRef = AB3E04D127F8298B00165938 /* NABWeatherTests.swift */; };
		AB3E04DC27F8298B00165938 /* NABWeatherUITests.swift in Sources */ = {isa = PBXBuildFile; fileRef = AB3E04DB27F8298B00165938 /* NABWeatherUITests.swift */; };
		AB3E04DE27F8298B00165938 /* NABWeatherUITestsLaunchTests.swift in Sources */ = {isa = PBXBuildFile; fileRef = AB3E04DD27F8298B00165938 /* NABWeatherUITestsLaunchTests.swift */; };
		AB3E04EC27F82BC800165938 /* ListingCollectionViewCell.swift in Sources */ = {isa = PBXBuildFile; fileRef = AB3E04EA27F82BC800165938 /* ListingCollectionViewCell.swift */; };
		AB3E04ED27F82BC800165938 /* ListingCollectionViewCell.xib in Resources */ = {isa = PBXBuildFile; fileRef = AB3E04EB27F82BC800165938 /* ListingCollectionViewCell.xib */; };
		AB3E04EF27F82F9400165938 /* WeatherItem.swift in Sources */ = {isa = PBXBuildFile; fileRef = AB3E04EE27F82F9400165938 /* WeatherItem.swift */; };
		AB3E04F127F8A28700165938 /* EntryViewModel.swift in Sources */ = {isa = PBXBuildFile; fileRef = AB3E04F027F8A28700165938 /* EntryViewModel.swift */; };
		ABF0008E27F8A4FC0023A9AF /* WeatherService.swift in Sources */ = {isa = PBXBuildFile; fileRef = ABF0008B27F8A4FC0023A9AF /* WeatherService.swift */; };
		ABF0008F27F8A4FC0023A9AF /* Network.swift in Sources */ = {isa = PBXBuildFile; fileRef = ABF0008C27F8A4FC0023A9AF /* Network.swift */; };
		ABF0009027F8A4FC0023A9AF /* LocationFetcher.swift in Sources */ = {isa = PBXBuildFile; fileRef = ABF0008D27F8A4FC0023A9AF /* LocationFetcher.swift */; };
		ABF0009227F8A52C0023A9AF /* RequestModels.swift in Sources */ = {isa = PBXBuildFile; fileRef = ABF0009127F8A52C0023A9AF /* RequestModels.swift */; };
		ABF0009427F8A5B00023A9AF /* Extensions.swift in Sources */ = {isa = PBXBuildFile; fileRef = ABF0009327F8A5B00023A9AF /* Extensions.swift */; };
		F28E5077BC9E9FF39CBFE12A /* Pods_NABWeatherTests.framework in Frameworks */ = {isa = PBXBuildFile; fileRef = 6E1929EE7E8F45A0CFFC7B04 /* Pods_NABWeatherTests.framework */; };
/* End PBXBuildFile section */

/* Begin PBXContainerItemProxy section */
		AB3E04CE27F8298B00165938 /* PBXContainerItemProxy */ = {
			isa = PBXContainerItemProxy;
			containerPortal = AB3E04AC27F8298A00165938 /* Project object */;
			proxyType = 1;
			remoteGlobalIDString = AB3E04B327F8298A00165938;
			remoteInfo = NABWeather;
		};
		AB3E04D827F8298B00165938 /* PBXContainerItemProxy */ = {
			isa = PBXContainerItemProxy;
			containerPortal = AB3E04AC27F8298A00165938 /* Project object */;
			proxyType = 1;
			remoteGlobalIDString = AB3E04B327F8298A00165938;
			remoteInfo = NABWeather;
		};
/* End PBXContainerItemProxy section */

/* Begin PBXFileReference section */
		27D6C30F618D65DAADFD5648 /* Pods-NABWeatherTests.release.xcconfig */ = {isa = PBXFileReference; includeInIndex = 1; lastKnownFileType = text.xcconfig; name = "Pods-NABWeatherTests.release.xcconfig"; path = "Target Support Files/Pods-NABWeatherTests/Pods-NABWeatherTests.release.xcconfig"; sourceTree = "<group>"; };
		27FBAEBB9BF38266A48F807C /* Pods_NABWeather.framework */ = {isa = PBXFileReference; explicitFileType = wrapper.framework; includeInIndex = 0; path = Pods_NABWeather.framework; sourceTree = BUILT_PRODUCTS_DIR; };
		2857B162B4C678911C50A2A8 /* Pods-NABWeatherTests.debug.xcconfig */ = {isa = PBXFileReference; includeInIndex = 1; lastKnownFileType = text.xcconfig; name = "Pods-NABWeatherTests.debug.xcconfig"; path = "Target Support Files/Pods-NABWeatherTests/Pods-NABWeatherTests.debug.xcconfig"; sourceTree = "<group>"; };
		4311561BA3DCB21187D2B811 /* Pods-NABWeather-NABWeatherUITests.debug.xcconfig */ = {isa = PBXFileReference; includeInIndex = 1; lastKnownFileType = text.xcconfig; name = "Pods-NABWeather-NABWeatherUITests.debug.xcconfig"; path = "Target Support Files/Pods-NABWeather-NABWeatherUITests/Pods-NABWeather-NABWeatherUITests.debug.xcconfig"; sourceTree = "<group>"; };
		6E1929EE7E8F45A0CFFC7B04 /* Pods_NABWeatherTests.framework */ = {isa = PBXFileReference; explicitFileType = wrapper.framework; includeInIndex = 0; path = Pods_NABWeatherTests.framework; sourceTree = BUILT_PRODUCTS_DIR; };
		8C2E354BEE962C71FA213192 /* Pods-NABWeather-NABWeatherUITests.release.xcconfig */ = {isa = PBXFileReference; includeInIndex = 1; lastKnownFileType = text.xcconfig; name = "Pods-NABWeather-NABWeatherUITests.release.xcconfig"; path = "Target Support Files/Pods-NABWeather-NABWeatherUITests/Pods-NABWeather-NABWeatherUITests.release.xcconfig"; sourceTree = "<group>"; };
		AB3E04B427F8298A00165938 /* NABWeather.app */ = {isa = PBXFileReference; explicitFileType = wrapper.application; includeInIndex = 0; path = NABWeather.app; sourceTree = BUILT_PRODUCTS_DIR; };
		AB3E04B727F8298A00165938 /* AppDelegate.swift */ = {isa = PBXFileReference; lastKnownFileType = sourcecode.swift; path = AppDelegate.swift; sourceTree = "<group>"; };
		AB3E04B927F8298A00165938 /* SceneDelegate.swift */ = {isa = PBXFileReference; lastKnownFileType = sourcecode.swift; path = SceneDelegate.swift; sourceTree = "<group>"; };
		AB3E04BB27F8298A00165938 /* EntryViewController.swift */ = {isa = PBXFileReference; lastKnownFileType = sourcecode.swift; path = EntryViewController.swift; sourceTree = "<group>"; };
		AB3E04BE27F8298A00165938 /* Base */ = {isa = PBXFileReference; lastKnownFileType = file.storyboard; name = Base; path = Base.lproj/Main.storyboard; sourceTree = "<group>"; };
		AB3E04C127F8298A00165938 /* NABWeather.xcdatamodel */ = {isa = PBXFileReference; lastKnownFileType = wrapper.xcdatamodel; path = NABWeather.xcdatamodel; sourceTree = "<group>"; };
		AB3E04C327F8298B00165938 /* Assets.xcassets */ = {isa = PBXFileReference; lastKnownFileType = folder.assetcatalog; path = Assets.xcassets; sourceTree = "<group>"; };
		AB3E04C627F8298B00165938 /* Base */ = {isa = PBXFileReference; lastKnownFileType = file.storyboard; name = Base; path = Base.lproj/LaunchScreen.storyboard; sourceTree = "<group>"; };
		AB3E04C827F8298B00165938 /* Info.plist */ = {isa = PBXFileReference; lastKnownFileType = text.plist.xml; path = Info.plist; sourceTree = "<group>"; };
		AB3E04CD27F8298B00165938 /* NABWeatherTests.xctest */ = {isa = PBXFileReference; explicitFileType = wrapper.cfbundle; includeInIndex = 0; path = NABWeatherTests.xctest; sourceTree = BUILT_PRODUCTS_DIR; };
		AB3E04D127F8298B00165938 /* NABWeatherTests.swift */ = {isa = PBXFileReference; lastKnownFileType = sourcecode.swift; path = NABWeatherTests.swift; sourceTree = "<group>"; };
		AB3E04D727F8298B00165938 /* NABWeatherUITests.xctest */ = {isa = PBXFileReference; explicitFileType = wrapper.cfbundle; includeInIndex = 0; path = NABWeatherUITests.xctest; sourceTree = BUILT_PRODUCTS_DIR; };
		AB3E04DB27F8298B00165938 /* NABWeatherUITests.swift */ = {isa = PBXFileReference; lastKnownFileType = sourcecode.swift; path = NABWeatherUITests.swift; sourceTree = "<group>"; };
		AB3E04DD27F8298B00165938 /* NABWeatherUITestsLaunchTests.swift */ = {isa = PBXFileReference; lastKnownFileType = sourcecode.swift; path = NABWeatherUITestsLaunchTests.swift; sourceTree = "<group>"; };
		AB3E04EA27F82BC800165938 /* ListingCollectionViewCell.swift */ = {isa = PBXFileReference; lastKnownFileType = sourcecode.swift; path = ListingCollectionViewCell.swift; sourceTree = "<group>"; };
		AB3E04EB27F82BC800165938 /* ListingCollectionViewCell.xib */ = {isa = PBXFileReference; lastKnownFileType = file.xib; path = ListingCollectionViewCell.xib; sourceTree = "<group>"; };
		AB3E04EE27F82F9400165938 /* WeatherItem.swift */ = {isa = PBXFileReference; lastKnownFileType = sourcecode.swift; path = WeatherItem.swift; sourceTree = "<group>"; };
		AB3E04F027F8A28700165938 /* EntryViewModel.swift */ = {isa = PBXFileReference; lastKnownFileType = sourcecode.swift; path = EntryViewModel.swift; sourceTree = "<group>"; };
		ABF0008B27F8A4FC0023A9AF /* WeatherService.swift */ = {isa = PBXFileReference; fileEncoding = 4; lastKnownFileType = sourcecode.swift; path = WeatherService.swift; sourceTree = "<group>"; };
		ABF0008C27F8A4FC0023A9AF /* Network.swift */ = {isa = PBXFileReference; fileEncoding = 4; lastKnownFileType = sourcecode.swift; path = Network.swift; sourceTree = "<group>"; };
		ABF0008D27F8A4FC0023A9AF /* LocationFetcher.swift */ = {isa = PBXFileReference; fileEncoding = 4; lastKnownFileType = sourcecode.swift; path = LocationFetcher.swift; sourceTree = "<group>"; };
		ABF0009127F8A52C0023A9AF /* RequestModels.swift */ = {isa = PBXFileReference; lastKnownFileType = sourcecode.swift; path = RequestModels.swift; sourceTree = "<group>"; };
		ABF0009327F8A5B00023A9AF /* Extensions.swift */ = {isa = PBXFileReference; fileEncoding = 4; lastKnownFileType = sourcecode.swift; path = Extensions.swift; sourceTree = "<group>"; };
		AC6035CD4E8B251948ED4DE0 /* Pods-NABWeather.release.xcconfig */ = {isa = PBXFileReference; includeInIndex = 1; lastKnownFileType = text.xcconfig; name = "Pods-NABWeather.release.xcconfig"; path = "Target Support Files/Pods-NABWeather/Pods-NABWeather.release.xcconfig"; sourceTree = "<group>"; };
		B1E51C9BAC7F56C4F41828C4 /* Pods_NABWeather_NABWeatherUITests.framework */ = {isa = PBXFileReference; explicitFileType = wrapper.framework; includeInIndex = 0; path = Pods_NABWeather_NABWeatherUITests.framework; sourceTree = BUILT_PRODUCTS_DIR; };
		E28D45320BDC631201DDE021 /* Pods-NABWeather.debug.xcconfig */ = {isa = PBXFileReference; includeInIndex = 1; lastKnownFileType = text.xcconfig; name = "Pods-NABWeather.debug.xcconfig"; path = "Target Support Files/Pods-NABWeather/Pods-NABWeather.debug.xcconfig"; sourceTree = "<group>"; };
/* End PBXFileReference section */

/* Begin PBXFrameworksBuildPhase section */
		AB3E04B127F8298A00165938 /* Frameworks */ = {
			isa = PBXFrameworksBuildPhase;
			buildActionMask = 2147483647;
			files = (
				9C5DF8E934FE7C3EA1A428B9 /* Pods_NABWeather.framework in Frameworks */,
			);
			runOnlyForDeploymentPostprocessing = 0;
		};
		AB3E04CA27F8298B00165938 /* Frameworks */ = {
			isa = PBXFrameworksBuildPhase;
			buildActionMask = 2147483647;
			files = (
				F28E5077BC9E9FF39CBFE12A /* Pods_NABWeatherTests.framework in Frameworks */,
			);
			runOnlyForDeploymentPostprocessing = 0;
		};
		AB3E04D427F8298B00165938 /* Frameworks */ = {
			isa = PBXFrameworksBuildPhase;
			buildActionMask = 2147483647;
			files = (
				35FD7C205983E091AC967206 /* Pods_NABWeather_NABWeatherUITests.framework in Frameworks */,
			);
			runOnlyForDeploymentPostprocessing = 0;
		};
/* End PBXFrameworksBuildPhase section */

/* Begin PBXGroup section */
		520C169135D0B67EBA141C59 /* Frameworks */ = {
			isa = PBXGroup;
			children = (
				27FBAEBB9BF38266A48F807C /* Pods_NABWeather.framework */,
				B1E51C9BAC7F56C4F41828C4 /* Pods_NABWeather_NABWeatherUITests.framework */,
				6E1929EE7E8F45A0CFFC7B04 /* Pods_NABWeatherTests.framework */,
			);
			name = Frameworks;
			sourceTree = "<group>";
		};
		AB3E04AB27F8298A00165938 = {
			isa = PBXGroup;
			children = (
				AB3E04B627F8298A00165938 /* NABWeather */,
				AB3E04D027F8298B00165938 /* NABWeatherTests */,
				AB3E04DA27F8298B00165938 /* NABWeatherUITests */,
				AB3E04B527F8298A00165938 /* Products */,
				DFCD24D012887F6A208CB90D /* Pods */,
				520C169135D0B67EBA141C59 /* Frameworks */,
			);
			sourceTree = "<group>";
		};
		AB3E04B527F8298A00165938 /* Products */ = {
			isa = PBXGroup;
			children = (
				AB3E04B427F8298A00165938 /* NABWeather.app */,
				AB3E04CD27F8298B00165938 /* NABWeatherTests.xctest */,
				AB3E04D727F8298B00165938 /* NABWeatherUITests.xctest */,
			);
			name = Products;
			sourceTree = "<group>";
		};
		AB3E04B627F8298A00165938 /* NABWeather */ = {
			isa = PBXGroup;
			children = (
				ABF0008A27F8A4F20023A9AF /* Service */,
				ABF0008727F8A3F00023A9AF /* Models */,
				ABF0008527F8A3D60023A9AF /* EntryView */,
				AB3E04B727F8298A00165938 /* AppDelegate.swift */,
				AB3E04B927F8298A00165938 /* SceneDelegate.swift */,
				AB3E04BD27F8298A00165938 /* Main.storyboard */,
				AB3E04C327F8298B00165938 /* Assets.xcassets */,
				AB3E04C527F8298B00165938 /* LaunchScreen.storyboard */,
				AB3E04C827F8298B00165938 /* Info.plist */,
				AB3E04C027F8298A00165938 /* NABWeather.xcdatamodeld */,
			);
			path = NABWeather;
			sourceTree = "<group>";
		};
		AB3E04D027F8298B00165938 /* NABWeatherTests */ = {
			isa = PBXGroup;
			children = (
				AB3E04D127F8298B00165938 /* NABWeatherTests.swift */,
			);
			path = NABWeatherTests;
			sourceTree = "<group>";
		};
		AB3E04DA27F8298B00165938 /* NABWeatherUITests */ = {
			isa = PBXGroup;
			children = (
				AB3E04DB27F8298B00165938 /* NABWeatherUITests.swift */,
				AB3E04DD27F8298B00165938 /* NABWeatherUITestsLaunchTests.swift */,
			);
			path = NABWeatherUITests;
			sourceTree = "<group>";
		};
		ABF0008527F8A3D60023A9AF /* EntryView */ = {
			isa = PBXGroup;
			children = (
				ABF0008627F8A3E10023A9AF /* Cells */,
				AB3E04F027F8A28700165938 /* EntryViewModel.swift */,
				AB3E04BB27F8298A00165938 /* EntryViewController.swift */,
			);
			path = EntryView;
			sourceTree = "<group>";
		};
		ABF0008627F8A3E10023A9AF /* Cells */ = {
			isa = PBXGroup;
			children = (
				AB3E04EA27F82BC800165938 /* ListingCollectionViewCell.swift */,
				AB3E04EB27F82BC800165938 /* ListingCollectionViewCell.xib */,
			);
			path = Cells;
			sourceTree = "<group>";
		};
		ABF0008727F8A3F00023A9AF /* Models */ = {
			isa = PBXGroup;
			children = (
				ABF0009327F8A5B00023A9AF /* Extensions.swift */,
				AB3E04EE27F82F9400165938 /* WeatherItem.swift */,
			);
			path = Models;
			sourceTree = "<group>";
		};
		ABF0008A27F8A4F20023A9AF /* Service */ = {
			isa = PBXGroup;
			children = (
				ABF0008D27F8A4FC0023A9AF /* LocationFetcher.swift */,
				ABF0008C27F8A4FC0023A9AF /* Network.swift */,
				ABF0008B27F8A4FC0023A9AF /* WeatherService.swift */,
				ABF0009127F8A52C0023A9AF /* RequestModels.swift */,
			);
			path = Service;
			sourceTree = "<group>";
		};
		DFCD24D012887F6A208CB90D /* Pods */ = {
			isa = PBXGroup;
			children = (
				E28D45320BDC631201DDE021 /* Pods-NABWeather.debug.xcconfig */,
				AC6035CD4E8B251948ED4DE0 /* Pods-NABWeather.release.xcconfig */,
				4311561BA3DCB21187D2B811 /* Pods-NABWeather-NABWeatherUITests.debug.xcconfig */,
				8C2E354BEE962C71FA213192 /* Pods-NABWeather-NABWeatherUITests.release.xcconfig */,
				2857B162B4C678911C50A2A8 /* Pods-NABWeatherTests.debug.xcconfig */,
				27D6C30F618D65DAADFD5648 /* Pods-NABWeatherTests.release.xcconfig */,
			);
			path = Pods;
			sourceTree = "<group>";
		};
/* End PBXGroup section */

/* Begin PBXNativeTarget section */
		AB3E04B327F8298A00165938 /* NABWeather */ = {
			isa = PBXNativeTarget;
			buildConfigurationList = AB3E04E127F8298B00165938 /* Build configuration list for PBXNativeTarget "NABWeather" */;
			buildPhases = (
				89F308EC05C399162E10313E /* [CP] Check Pods Manifest.lock */,
				AB3E04B027F8298A00165938 /* Sources */,
				AB3E04B127F8298A00165938 /* Frameworks */,
				AB3E04B227F8298A00165938 /* Resources */,
				29420CF0880EE01245732128 /* [CP] Embed Pods Frameworks */,
			);
			buildRules = (
			);
			dependencies = (
			);
			name = NABWeather;
			productName = NABWeather;
			productReference = AB3E04B427F8298A00165938 /* NABWeather.app */;
			productType = "com.apple.product-type.application";
		};
		AB3E04CC27F8298B00165938 /* NABWeatherTests */ = {
			isa = PBXNativeTarget;
			buildConfigurationList = AB3E04E427F8298B00165938 /* Build configuration list for PBXNativeTarget "NABWeatherTests" */;
			buildPhases = (
				DC69ECE9730F894F37FCE250 /* [CP] Check Pods Manifest.lock */,
				AB3E04C927F8298B00165938 /* Sources */,
				AB3E04CA27F8298B00165938 /* Frameworks */,
				AB3E04CB27F8298B00165938 /* Resources */,
			);
			buildRules = (
			);
			dependencies = (
				AB3E04CF27F8298B00165938 /* PBXTargetDependency */,
			);
			name = NABWeatherTests;
			productName = NABWeatherTests;
			productReference = AB3E04CD27F8298B00165938 /* NABWeatherTests.xctest */;
			productType = "com.apple.product-type.bundle.unit-test";
		};
		AB3E04D627F8298B00165938 /* NABWeatherUITests */ = {
			isa = PBXNativeTarget;
			buildConfigurationList = AB3E04E727F8298B00165938 /* Build configuration list for PBXNativeTarget "NABWeatherUITests" */;
			buildPhases = (
				E5A87D86C56855B8EE837F43 /* [CP] Check Pods Manifest.lock */,
				AB3E04D327F8298B00165938 /* Sources */,
				AB3E04D427F8298B00165938 /* Frameworks */,
				AB3E04D527F8298B00165938 /* Resources */,
				7668726445551517DA975872 /* [CP] Embed Pods Frameworks */,
			);
			buildRules = (
			);
			dependencies = (
				AB3E04D927F8298B00165938 /* PBXTargetDependency */,
			);
			name = NABWeatherUITests;
			productName = NABWeatherUITests;
			productReference = AB3E04D727F8298B00165938 /* NABWeatherUITests.xctest */;
			productType = "com.apple.product-type.bundle.ui-testing";
		};
/* End PBXNativeTarget section */

/* Begin PBXProject section */
		AB3E04AC27F8298A00165938 /* Project object */ = {
			isa = PBXProject;
			attributes = {
				BuildIndependentTargetsInParallel = 1;
				LastSwiftUpdateCheck = 1330;
				LastUpgradeCheck = 1330;
				TargetAttributes = {
					AB3E04B327F8298A00165938 = {
						CreatedOnToolsVersion = 13.3;
					};
					AB3E04CC27F8298B00165938 = {
						CreatedOnToolsVersion = 13.3;
						TestTargetID = AB3E04B327F8298A00165938;
					};
					AB3E04D627F8298B00165938 = {
						CreatedOnToolsVersion = 13.3;
						TestTargetID = AB3E04B327F8298A00165938;
					};
				};
			};
			buildConfigurationList = AB3E04AF27F8298A00165938 /* Build configuration list for PBXProject "NABWeather" */;
			compatibilityVersion = "Xcode 13.0";
			developmentRegion = en;
			hasScannedForEncodings = 0;
			knownRegions = (
				en,
				Base,
			);
			mainGroup = AB3E04AB27F8298A00165938;
			productRefGroup = AB3E04B527F8298A00165938 /* Products */;
			projectDirPath = "";
			projectRoot = "";
			targets = (
				AB3E04B327F8298A00165938 /* NABWeather */,
				AB3E04CC27F8298B00165938 /* NABWeatherTests */,
				AB3E04D627F8298B00165938 /* NABWeatherUITests */,
			);
		};
/* End PBXProject section */

/* Begin PBXResourcesBuildPhase section */
		AB3E04B227F8298A00165938 /* Resources */ = {
			isa = PBXResourcesBuildPhase;
			buildActionMask = 2147483647;
			files = (
				AB3E04C727F8298B00165938 /* LaunchScreen.storyboard in Resources */,
				AB3E04C427F8298B00165938 /* Assets.xcassets in Resources */,
				AB3E04BF27F8298A00165938 /* Main.storyboard in Resources */,
				AB3E04ED27F82BC800165938 /* ListingCollectionViewCell.xib in Resources */,
			);
			runOnlyForDeploymentPostprocessing = 0;
		};
		AB3E04CB27F8298B00165938 /* Resources */ = {
			isa = PBXResourcesBuildPhase;
			buildActionMask = 2147483647;
			files = (
			);
			runOnlyForDeploymentPostprocessing = 0;
		};
		AB3E04D527F8298B00165938 /* Resources */ = {
			isa = PBXResourcesBuildPhase;
			buildActionMask = 2147483647;
			files = (
			);
			runOnlyForDeploymentPostprocessing = 0;
		};
/* End PBXResourcesBuildPhase section */

/* Begin PBXShellScriptBuildPhase section */
		29420CF0880EE01245732128 /* [CP] Embed Pods Frameworks */ = {
			isa = PBXShellScriptBuildPhase;
			buildActionMask = 2147483647;
			files = (
			);
			inputFileListPaths = (
				"${PODS_ROOT}/Target Support Files/Pods-NABWeather/Pods-NABWeather-frameworks-${CONFIGURATION}-input-files.xcfilelist",
			);
			name = "[CP] Embed Pods Frameworks";
			outputFileListPaths = (
				"${PODS_ROOT}/Target Support Files/Pods-NABWeather/Pods-NABWeather-frameworks-${CONFIGURATION}-output-files.xcfilelist",
			);
			runOnlyForDeploymentPostprocessing = 0;
			shellPath = /bin/sh;
			shellScript = "\"${PODS_ROOT}/Target Support Files/Pods-NABWeather/Pods-NABWeather-frameworks.sh\"\n";
			showEnvVarsInLog = 0;
		};
		7668726445551517DA975872 /* [CP] Embed Pods Frameworks */ = {
			isa = PBXShellScriptBuildPhase;
			buildActionMask = 2147483647;
			files = (
			);
			inputFileListPaths = (
				"${PODS_ROOT}/Target Support Files/Pods-NABWeather-NABWeatherUITests/Pods-NABWeather-NABWeatherUITests-frameworks-${CONFIGURATION}-input-files.xcfilelist",
			);
			name = "[CP] Embed Pods Frameworks";
			outputFileListPaths = (
				"${PODS_ROOT}/Target Support Files/Pods-NABWeather-NABWeatherUITests/Pods-NABWeather-NABWeatherUITests-frameworks-${CONFIGURATION}-output-files.xcfilelist",
			);
			runOnlyForDeploymentPostprocessing = 0;
			shellPath = /bin/sh;
			shellScript = "\"${PODS_ROOT}/Target Support Files/Pods-NABWeather-NABWeatherUITests/Pods-NABWeather-NABWeatherUITests-frameworks.sh\"\n";
			showEnvVarsInLog = 0;
		};
		89F308EC05C399162E10313E /* [CP] Check Pods Manifest.lock */ = {
			isa = PBXShellScriptBuildPhase;
			buildActionMask = 2147483647;
			files = (
			);
			inputFileListPaths = (
			);
			inputPaths = (
				"${PODS_PODFILE_DIR_PATH}/Podfile.lock",
				"${PODS_ROOT}/Manifest.lock",
			);
			name = "[CP] Check Pods Manifest.lock";
			outputFileListPaths = (
			);
			outputPaths = (
				"$(DERIVED_FILE_DIR)/Pods-NABWeather-checkManifestLockResult.txt",
			);
			runOnlyForDeploymentPostprocessing = 0;
			shellPath = /bin/sh;
			shellScript = "diff \"${PODS_PODFILE_DIR_PATH}/Podfile.lock\" \"${PODS_ROOT}/Manifest.lock\" > /dev/null\nif [ $? != 0 ] ; then\n    # print error to STDERR\n    echo \"error: The sandbox is not in sync with the Podfile.lock. Run 'pod install' or update your CocoaPods installation.\" >&2\n    exit 1\nfi\n# This output is used by Xcode 'outputs' to avoid re-running this script phase.\necho \"SUCCESS\" > \"${SCRIPT_OUTPUT_FILE_0}\"\n";
			showEnvVarsInLog = 0;
		};
		DC69ECE9730F894F37FCE250 /* [CP] Check Pods Manifest.lock */ = {
			isa = PBXShellScriptBuildPhase;
			buildActionMask = 2147483647;
			files = (
			);
			inputFileListPaths = (
			);
			inputPaths = (
				"${PODS_PODFILE_DIR_PATH}/Podfile.lock",
				"${PODS_ROOT}/Manifest.lock",
			);
			name = "[CP] Check Pods Manifest.lock";
			outputFileListPaths = (
			);
			outputPaths = (
				"$(DERIVED_FILE_DIR)/Pods-NABWeatherTests-checkManifestLockResult.txt",
			);
			runOnlyForDeploymentPostprocessing = 0;
			shellPath = /bin/sh;
			shellScript = "diff \"${PODS_PODFILE_DIR_PATH}/Podfile.lock\" \"${PODS_ROOT}/Manifest.lock\" > /dev/null\nif [ $? != 0 ] ; then\n    # print error to STDERR\n    echo \"error: The sandbox is not in sync with the Podfile.lock. Run 'pod install' or update your CocoaPods installation.\" >&2\n    exit 1\nfi\n# This output is used by Xcode 'outputs' to avoid re-running this script phase.\necho \"SUCCESS\" > \"${SCRIPT_OUTPUT_FILE_0}\"\n";
			showEnvVarsInLog = 0;
		};
		E5A87D86C56855B8EE837F43 /* [CP] Check Pods Manifest.lock */ = {
			isa = PBXShellScriptBuildPhase;
			buildActionMask = 2147483647;
			files = (
			);
			inputFileListPaths = (
			);
			inputPaths = (
				"${PODS_PODFILE_DIR_PATH}/Podfile.lock",
				"${PODS_ROOT}/Manifest.lock",
			);
			name = "[CP] Check Pods Manifest.lock";
			outputFileListPaths = (
			);
			outputPaths = (
				"$(DERIVED_FILE_DIR)/Pods-NABWeather-NABWeatherUITests-checkManifestLockResult.txt",
			);
			runOnlyForDeploymentPostprocessing = 0;
			shellPath = /bin/sh;
			shellScript = "diff \"${PODS_PODFILE_DIR_PATH}/Podfile.lock\" \"${PODS_ROOT}/Manifest.lock\" > /dev/null\nif [ $? != 0 ] ; then\n    # print error to STDERR\n    echo \"error: The sandbox is not in sync with the Podfile.lock. Run 'pod install' or update your CocoaPods installation.\" >&2\n    exit 1\nfi\n# This output is used by Xcode 'outputs' to avoid re-running this script phase.\necho \"SUCCESS\" > \"${SCRIPT_OUTPUT_FILE_0}\"\n";
			showEnvVarsInLog = 0;
		};
/* End PBXShellScriptBuildPhase section */

/* Begin PBXSourcesBuildPhase section */
		AB3E04B027F8298A00165938 /* Sources */ = {
			isa = PBXSourcesBuildPhase;
			buildActionMask = 2147483647;
			files = (
				ABF0008E27F8A4FC0023A9AF /* WeatherService.swift in Sources */,
				AB3E04C227F8298A00165938 /* NABWeather.xcdatamodeld in Sources */,
				ABF0009027F8A4FC0023A9AF /* LocationFetcher.swift in Sources */,
				AB3E04BC27F8298A00165938 /* EntryViewController.swift in Sources */,
				ABF0009227F8A52C0023A9AF /* RequestModels.swift in Sources */,
				AB3E04EC27F82BC800165938 /* ListingCollectionViewCell.swift in Sources */,
				AB3E04F127F8A28700165938 /* EntryViewModel.swift in Sources */,
				ABF0009427F8A5B00023A9AF /* Extensions.swift in Sources */,
				ABF0008F27F8A4FC0023A9AF /* Network.swift in Sources */,
				AB3E04B827F8298A00165938 /* AppDelegate.swift in Sources */,
				AB3E04BA27F8298A00165938 /* SceneDelegate.swift in Sources */,
				AB3E04EF27F82F9400165938 /* WeatherItem.swift in Sources */,
			);
			runOnlyForDeploymentPostprocessing = 0;
		};
		AB3E04C927F8298B00165938 /* Sources */ = {
			isa = PBXSourcesBuildPhase;
			buildActionMask = 2147483647;
			files = (
				AB3E04D227F8298B00165938 /* NABWeatherTests.swift in Sources */,
			);
			runOnlyForDeploymentPostprocessing = 0;
		};
		AB3E04D327F8298B00165938 /* Sources */ = {
			isa = PBXSourcesBuildPhase;
			buildActionMask = 2147483647;
			files = (
				AB3E04DC27F8298B00165938 /* NABWeatherUITests.swift in Sources */,
				AB3E04DE27F8298B00165938 /* NABWeatherUITestsLaunchTests.swift in Sources */,
			);
			runOnlyForDeploymentPostprocessing = 0;
		};
/* End PBXSourcesBuildPhase section */

/* Begin PBXTargetDependency section */
		AB3E04CF27F8298B00165938 /* PBXTargetDependency */ = {
			isa = PBXTargetDependency;
			target = AB3E04B327F8298A00165938 /* NABWeather */;
			targetProxy = AB3E04CE27F8298B00165938 /* PBXContainerItemProxy */;
		};
		AB3E04D927F8298B00165938 /* PBXTargetDependency */ = {
			isa = PBXTargetDependency;
			target = AB3E04B327F8298A00165938 /* NABWeather */;
			targetProxy = AB3E04D827F8298B00165938 /* PBXContainerItemProxy */;
		};
/* End PBXTargetDependency section */

/* Begin PBXVariantGroup section */
		AB3E04BD27F8298A00165938 /* Main.storyboard */ = {
			isa = PBXVariantGroup;
			children = (
				AB3E04BE27F8298A00165938 /* Base */,
			);
			name = Main.storyboard;
			sourceTree = "<group>";
		};
		AB3E04C527F8298B00165938 /* LaunchScreen.storyboard */ = {
			isa = PBXVariantGroup;
			children = (
				AB3E04C627F8298B00165938 /* Base */,
			);
			name = LaunchScreen.storyboard;
			sourceTree = "<group>";
		};
/* End PBXVariantGroup section */

/* Begin XCBuildConfiguration section */
		AB3E04DF27F8298B00165938 /* Debug */ = {
			isa = XCBuildConfiguration;
			buildSettings = {
				ALWAYS_SEARCH_USER_PATHS = NO;
				CLANG_ANALYZER_NONNULL = YES;
				CLANG_ANALYZER_NUMBER_OBJECT_CONVERSION = YES_AGGRESSIVE;
				CLANG_CXX_LANGUAGE_STANDARD = "gnu++17";
				CLANG_ENABLE_MODULES = YES;
				CLANG_ENABLE_OBJC_ARC = YES;
				CLANG_ENABLE_OBJC_WEAK = YES;
				CLANG_WARN_BLOCK_CAPTURE_AUTORELEASING = YES;
				CLANG_WARN_BOOL_CONVERSION = YES;
				CLANG_WARN_COMMA = YES;
				CLANG_WARN_CONSTANT_CONVERSION = YES;
				CLANG_WARN_DEPRECATED_OBJC_IMPLEMENTATIONS = YES;
				CLANG_WARN_DIRECT_OBJC_ISA_USAGE = YES_ERROR;
				CLANG_WARN_DOCUMENTATION_COMMENTS = YES;
				CLANG_WARN_EMPTY_BODY = YES;
				CLANG_WARN_ENUM_CONVERSION = YES;
				CLANG_WARN_INFINITE_RECURSION = YES;
				CLANG_WARN_INT_CONVERSION = YES;
				CLANG_WARN_NON_LITERAL_NULL_CONVERSION = YES;
				CLANG_WARN_OBJC_IMPLICIT_RETAIN_SELF = YES;
				CLANG_WARN_OBJC_LITERAL_CONVERSION = YES;
				CLANG_WARN_OBJC_ROOT_CLASS = YES_ERROR;
				CLANG_WARN_QUOTED_INCLUDE_IN_FRAMEWORK_HEADER = YES;
				CLANG_WARN_RANGE_LOOP_ANALYSIS = YES;
				CLANG_WARN_STRICT_PROTOTYPES = YES;
				CLANG_WARN_SUSPICIOUS_MOVE = YES;
				CLANG_WARN_UNGUARDED_AVAILABILITY = YES_AGGRESSIVE;
				CLANG_WARN_UNREACHABLE_CODE = YES;
				CLANG_WARN__DUPLICATE_METHOD_MATCH = YES;
				COPY_PHASE_STRIP = NO;
				DEBUG_INFORMATION_FORMAT = dwarf;
				ENABLE_STRICT_OBJC_MSGSEND = YES;
				ENABLE_TESTABILITY = YES;
				GCC_C_LANGUAGE_STANDARD = gnu11;
				GCC_DYNAMIC_NO_PIC = NO;
				GCC_NO_COMMON_BLOCKS = YES;
				GCC_OPTIMIZATION_LEVEL = 0;
				GCC_PREPROCESSOR_DEFINITIONS = (
					"DEBUG=1",
					"$(inherited)",
				);
				GCC_WARN_64_TO_32_BIT_CONVERSION = YES;
				GCC_WARN_ABOUT_RETURN_TYPE = YES_ERROR;
				GCC_WARN_UNDECLARED_SELECTOR = YES;
				GCC_WARN_UNINITIALIZED_AUTOS = YES_AGGRESSIVE;
				GCC_WARN_UNUSED_FUNCTION = YES;
				GCC_WARN_UNUSED_VARIABLE = YES;
				IPHONEOS_DEPLOYMENT_TARGET = 15.4;
				MTL_ENABLE_DEBUG_INFO = INCLUDE_SOURCE;
				MTL_FAST_MATH = YES;
				ONLY_ACTIVE_ARCH = YES;
				SDKROOT = iphoneos;
				SWIFT_ACTIVE_COMPILATION_CONDITIONS = DEBUG;
				SWIFT_OPTIMIZATION_LEVEL = "-Onone";
			};
			name = Debug;
		};
		AB3E04E027F8298B00165938 /* Release */ = {
			isa = XCBuildConfiguration;
			buildSettings = {
				ALWAYS_SEARCH_USER_PATHS = NO;
				CLANG_ANALYZER_NONNULL = YES;
				CLANG_ANALYZER_NUMBER_OBJECT_CONVERSION = YES_AGGRESSIVE;
				CLANG_CXX_LANGUAGE_STANDARD = "gnu++17";
				CLANG_ENABLE_MODULES = YES;
				CLANG_ENABLE_OBJC_ARC = YES;
				CLANG_ENABLE_OBJC_WEAK = YES;
				CLANG_WARN_BLOCK_CAPTURE_AUTORELEASING = YES;
				CLANG_WARN_BOOL_CONVERSION = YES;
				CLANG_WARN_COMMA = YES;
				CLANG_WARN_CONSTANT_CONVERSION = YES;
				CLANG_WARN_DEPRECATED_OBJC_IMPLEMENTATIONS = YES;
				CLANG_WARN_DIRECT_OBJC_ISA_USAGE = YES_ERROR;
				CLANG_WARN_DOCUMENTATION_COMMENTS = YES;
				CLANG_WARN_EMPTY_BODY = YES;
				CLANG_WARN_ENUM_CONVERSION = YES;
				CLANG_WARN_INFINITE_RECURSION = YES;
				CLANG_WARN_INT_CONVERSION = YES;
				CLANG_WARN_NON_LITERAL_NULL_CONVERSION = YES;
				CLANG_WARN_OBJC_IMPLICIT_RETAIN_SELF = YES;
				CLANG_WARN_OBJC_LITERAL_CONVERSION = YES;
				CLANG_WARN_OBJC_ROOT_CLASS = YES_ERROR;
				CLANG_WARN_QUOTED_INCLUDE_IN_FRAMEWORK_HEADER = YES;
				CLANG_WARN_RANGE_LOOP_ANALYSIS = YES;
				CLANG_WARN_STRICT_PROTOTYPES = YES;
				CLANG_WARN_SUSPICIOUS_MOVE = YES;
				CLANG_WARN_UNGUARDED_AVAILABILITY = YES_AGGRESSIVE;
				CLANG_WARN_UNREACHABLE_CODE = YES;
				CLANG_WARN__DUPLICATE_METHOD_MATCH = YES;
				COPY_PHASE_STRIP = NO;
				DEBUG_INFORMATION_FORMAT = "dwarf-with-dsym";
				ENABLE_NS_ASSERTIONS = NO;
				ENABLE_STRICT_OBJC_MSGSEND = YES;
				GCC_C_LANGUAGE_STANDARD = gnu11;
				GCC_NO_COMMON_BLOCKS = YES;
				GCC_WARN_64_TO_32_BIT_CONVERSION = YES;
				GCC_WARN_ABOUT_RETURN_TYPE = YES_ERROR;
				GCC_WARN_UNDECLARED_SELECTOR = YES;
				GCC_WARN_UNINITIALIZED_AUTOS = YES_AGGRESSIVE;
				GCC_WARN_UNUSED_FUNCTION = YES;
				GCC_WARN_UNUSED_VARIABLE = YES;
				IPHONEOS_DEPLOYMENT_TARGET = 15.4;
				MTL_ENABLE_DEBUG_INFO = NO;
				MTL_FAST_MATH = YES;
				SDKROOT = iphoneos;
				SWIFT_COMPILATION_MODE = wholemodule;
				SWIFT_OPTIMIZATION_LEVEL = "-O";
				VALIDATE_PRODUCT = YES;
			};
			name = Release;
		};
		AB3E04E227F8298B00165938 /* Debug */ = {
			isa = XCBuildConfiguration;
			baseConfigurationReference = E28D45320BDC631201DDE021 /* Pods-NABWeather.debug.xcconfig */;
			buildSettings = {
				ASSETCATALOG_COMPILER_APPICON_NAME = AppIcon;
				ASSETCATALOG_COMPILER_GLOBAL_ACCENT_COLOR_NAME = AccentColor;
				CODE_SIGN_STYLE = Automatic;
				CURRENT_PROJECT_VERSION = 1;
				DEVELOPMENT_TEAM = HVC97Q25XV;
				GENERATE_INFOPLIST_FILE = YES;
				INFOPLIST_FILE = NABWeather/Info.plist;
				INFOPLIST_KEY_UIApplicationSupportsIndirectInputEvents = YES;
				INFOPLIST_KEY_UILaunchStoryboardName = LaunchScreen;
				INFOPLIST_KEY_UIMainStoryboardFile = Main;
				INFOPLIST_KEY_UISupportedInterfaceOrientations_iPad = "UIInterfaceOrientationPortrait UIInterfaceOrientationPortraitUpsideDown UIInterfaceOrientationLandscapeLeft UIInterfaceOrientationLandscapeRight";
				INFOPLIST_KEY_UISupportedInterfaceOrientations_iPhone = "UIInterfaceOrientationPortrait UIInterfaceOrientationLandscapeLeft UIInterfaceOrientationLandscapeRight";
				LD_RUNPATH_SEARCH_PATHS = (
					"$(inherited)",
					"@executable_path/Frameworks",
				);
				MARKETING_VERSION = 1.0;
				PRODUCT_BUNDLE_IDENTIFIER = com.hungnguy.NABWeather;
				PRODUCT_NAME = "$(TARGET_NAME)";
				SWIFT_EMIT_LOC_STRINGS = YES;
				SWIFT_VERSION = 5.0;
				TARGETED_DEVICE_FAMILY = "1,2";
			};
			name = Debug;
		};
		AB3E04E327F8298B00165938 /* Release */ = {
			isa = XCBuildConfiguration;
			baseConfigurationReference = AC6035CD4E8B251948ED4DE0 /* Pods-NABWeather.release.xcconfig */;
			buildSettings = {
				ASSETCATALOG_COMPILER_APPICON_NAME = AppIcon;
				ASSETCATALOG_COMPILER_GLOBAL_ACCENT_COLOR_NAME = AccentColor;
				CODE_SIGN_STYLE = Automatic;
				CURRENT_PROJECT_VERSION = 1;
				DEVELOPMENT_TEAM = HVC97Q25XV;
				GENERATE_INFOPLIST_FILE = YES;
				INFOPLIST_FILE = NABWeather/Info.plist;
				INFOPLIST_KEY_UIApplicationSupportsIndirectInputEvents = YES;
				INFOPLIST_KEY_UILaunchStoryboardName = LaunchScreen;
				INFOPLIST_KEY_UIMainStoryboardFile = Main;
				INFOPLIST_KEY_UISupportedInterfaceOrientations_iPad = "UIInterfaceOrientationPortrait UIInterfaceOrientationPortraitUpsideDown UIInterfaceOrientationLandscapeLeft UIInterfaceOrientationLandscapeRight";
				INFOPLIST_KEY_UISupportedInterfaceOrientations_iPhone = "UIInterfaceOrientationPortrait UIInterfaceOrientationLandscapeLeft UIInterfaceOrientationLandscapeRight";
				LD_RUNPATH_SEARCH_PATHS = (
					"$(inherited)",
					"@executable_path/Frameworks",
				);
				MARKETING_VERSION = 1.0;
				PRODUCT_BUNDLE_IDENTIFIER = com.hungnguy.NABWeather;
				PRODUCT_NAME = "$(TARGET_NAME)";
				SWIFT_EMIT_LOC_STRINGS = YES;
				SWIFT_VERSION = 5.0;
				TARGETED_DEVICE_FAMILY = "1,2";
			};
			name = Release;
		};
		AB3E04E527F8298B00165938 /* Debug */ = {
			isa = XCBuildConfiguration;
			baseConfigurationReference = 2857B162B4C678911C50A2A8 /* Pods-NABWeatherTests.debug.xcconfig */;
			buildSettings = {
				ALWAYS_EMBED_SWIFT_STANDARD_LIBRARIES = YES;
				BUNDLE_LOADER = "$(TEST_HOST)";
				CODE_SIGN_STYLE = Automatic;
				CURRENT_PROJECT_VERSION = 1;
				DEVELOPMENT_TEAM = HVC97Q25XV;
				GENERATE_INFOPLIST_FILE = YES;
				IPHONEOS_DEPLOYMENT_TARGET = 15.4;
				MARKETING_VERSION = 1.0;
				PRODUCT_BUNDLE_IDENTIFIER = com.hungnguy.NABWeatherTests;
				PRODUCT_NAME = "$(TARGET_NAME)";
				SWIFT_EMIT_LOC_STRINGS = NO;
				SWIFT_VERSION = 5.0;
				TARGETED_DEVICE_FAMILY = "1,2";
				TEST_HOST = "$(BUILT_PRODUCTS_DIR)/NABWeather.app/NABWeather";
			};
			name = Debug;
		};
		AB3E04E627F8298B00165938 /* Release */ = {
			isa = XCBuildConfiguration;
			baseConfigurationReference = 27D6C30F618D65DAADFD5648 /* Pods-NABWeatherTests.release.xcconfig */;
			buildSettings = {
				ALWAYS_EMBED_SWIFT_STANDARD_LIBRARIES = YES;
				BUNDLE_LOADER = "$(TEST_HOST)";
				CODE_SIGN_STYLE = Automatic;
				CURRENT_PROJECT_VERSION = 1;
				DEVELOPMENT_TEAM = HVC97Q25XV;
				GENERATE_INFOPLIST_FILE = YES;
				IPHONEOS_DEPLOYMENT_TARGET = 15.4;
				MARKETING_VERSION = 1.0;
				PRODUCT_BUNDLE_IDENTIFIER = com.hungnguy.NABWeatherTests;
				PRODUCT_NAME = "$(TARGET_NAME)";
				SWIFT_EMIT_LOC_STRINGS = NO;
				SWIFT_VERSION = 5.0;
				TARGETED_DEVICE_FAMILY = "1,2";
				TEST_HOST = "$(BUILT_PRODUCTS_DIR)/NABWeather.app/NABWeather";
			};
			name = Release;
		};
		AB3E04E827F8298B00165938 /* Debug */ = {
			isa = XCBuildConfiguration;
			baseConfigurationReference = 4311561BA3DCB21187D2B811 /* Pods-NABWeather-NABWeatherUITests.debug.xcconfig */;
			buildSettings = {
				ALWAYS_EMBED_SWIFT_STANDARD_LIBRARIES = YES;
				CODE_SIGN_STYLE = Automatic;
				CURRENT_PROJECT_VERSION = 1;
				DEVELOPMENT_TEAM = HVC97Q25XV;
				GENERATE_INFOPLIST_FILE = YES;
				MARKETING_VERSION = 1.0;
				PRODUCT_BUNDLE_IDENTIFIER = com.hungnguy.NABWeatherUITests;
				PRODUCT_NAME = "$(TARGET_NAME)";
				SWIFT_EMIT_LOC_STRINGS = NO;
				SWIFT_VERSION = 5.0;
				TARGETED_DEVICE_FAMILY = "1,2";
				TEST_TARGET_NAME = NABWeather;
			};
			name = Debug;
		};
		AB3E04E927F8298B00165938 /* Release */ = {
			isa = XCBuildConfiguration;
			baseConfigurationReference = 8C2E354BEE962C71FA213192 /* Pods-NABWeather-NABWeatherUITests.release.xcconfig */;
			buildSettings = {
				ALWAYS_EMBED_SWIFT_STANDARD_LIBRARIES = YES;
				CODE_SIGN_STYLE = Automatic;
				CURRENT_PROJECT_VERSION = 1;
				DEVELOPMENT_TEAM = HVC97Q25XV;
				GENERATE_INFOPLIST_FILE = YES;
				MARKETING_VERSION = 1.0;
				PRODUCT_BUNDLE_IDENTIFIER = com.hungnguy.NABWeatherUITests;
				PRODUCT_NAME = "$(TARGET_NAME)";
				SWIFT_EMIT_LOC_STRINGS = NO;
				SWIFT_VERSION = 5.0;
				TARGETED_DEVICE_FAMILY = "1,2";
				TEST_TARGET_NAME = NABWeather;
			};
			name = Release;
		};
/* End XCBuildConfiguration section */

/* Begin XCConfigurationList section */
		AB3E04AF27F8298A00165938 /* Build configuration list for PBXProject "NABWeather" */ = {
			isa = XCConfigurationList;
			buildConfigurations = (
				AB3E04DF27F8298B00165938 /* Debug */,
				AB3E04E027F8298B00165938 /* Release */,
			);
			defaultConfigurationIsVisible = 0;
			defaultConfigurationName = Release;
		};
		AB3E04E127F8298B00165938 /* Build configuration list for PBXNativeTarget "NABWeather" */ = {
			isa = XCConfigurationList;
			buildConfigurations = (
				AB3E04E227F8298B00165938 /* Debug */,
				AB3E04E327F8298B00165938 /* Release */,
			);
			defaultConfigurationIsVisible = 0;
			defaultConfigurationName = Release;
		};
		AB3E04E427F8298B00165938 /* Build configuration list for PBXNativeTarget "NABWeatherTests" */ = {
			isa = XCConfigurationList;
			buildConfigurations = (
				AB3E04E527F8298B00165938 /* Debug */,
				AB3E04E627F8298B00165938 /* Release */,
			);
			defaultConfigurationIsVisible = 0;
			defaultConfigurationName = Release;
		};
		AB3E04E727F8298B00165938 /* Build configuration list for PBXNativeTarget "NABWeatherUITests" */ = {
			isa = XCConfigurationList;
			buildConfigurations = (
				AB3E04E827F8298B00165938 /* Debug */,
				AB3E04E927F8298B00165938 /* Release */,
			);
			defaultConfigurationIsVisible = 0;
			defaultConfigurationName = Release;
		};
/* End XCConfigurationList section */

/* Begin XCVersionGroup section */
		AB3E04C027F8298A00165938 /* NABWeather.xcdatamodeld */ = {
			isa = XCVersionGroup;
			children = (
				AB3E04C127F8298A00165938 /* NABWeather.xcdatamodel */,
			);
			currentVersion = AB3E04C127F8298A00165938 /* NABWeather.xcdatamodel */;
			path = NABWeather.xcdatamodeld;
			sourceTree = "<group>";
			versionGroupType = wrapper.xcdatamodel;
		};
/* End XCVersionGroup section */
	};
	rootObject = AB3E04AC27F8298A00165938 /* Project object */;
}
